schema: '2.0'
stages:
  train:
    cmd: python mlops/modeling/train.py training.num_epochs=10
    deps:
    - path: data/processed
      hash: md5
      md5: 2e0eb23734e1cbf3e56171934a24cced.dir
      size: 3255552
      nfiles: 400
    - path: mlops/config/
      hash: md5
      md5: f6cbd9c4214828c8b223fd8dfd11d00c.dir
      size: 3667
      nfiles: 6
    - path: mlops/modeling/train.py
      hash: md5
      md5: 0c2f9b795fb5bfe47e0ae6820a9a3a3e
      size: 9743
    outs:
    - path: models/
      hash: md5
      md5: fb9aa001268792f30d1c9e89bca675e5.dir
      size: 0
      nfiles: 1
    - path: outputs/
      hash: md5
      md5: fb9aa001268792f30d1c9e89bca675e5.dir
      size: 0
      nfiles: 1
    - path: reports/metrics.json
      hash: md5
      md5: 8a80554c91d9fca8acb82f023de02f11
      size: 3
